// !$*UTF8*$!
{
	archiveVersion = 1;
	classes = {
	};
	objectVersion = 56;
	objects = {

/* Begin PBXBuildFile section */
		BB91B8692959C93500EEB840 /* swift_composable_architecture_sampleApp.swift in Sources */ = {isa = PBXBuildFile; fileRef = BB91B8682959C93500EEB840 /* swift_composable_architecture_sampleApp.swift */; };
		BB91B86B2959C93500EEB840 /* ContentView.swift in Sources */ = {isa = PBXBuildFile; fileRef = BB91B86A2959C93500EEB840 /* ContentView.swift */; };
		BB91B86D2959C93600EEB840 /* Assets.xcassets in Resources */ = {isa = PBXBuildFile; fileRef = BB91B86C2959C93600EEB840 /* Assets.xcassets */; };
		BB91B8702959C93600EEB840 /* Preview Assets.xcassets in Resources */ = {isa = PBXBuildFile; fileRef = BB91B86F2959C93600EEB840 /* Preview Assets.xcassets */; };
		BB91B87A2959C93600EEB840 /* swift_composable_architecture_sampleTests.swift in Sources */ = {isa = PBXBuildFile; fileRef = BB91B8792959C93600EEB840 /* swift_composable_architecture_sampleTests.swift */; };
		BB91B8842959C93600EEB840 /* swift_composable_architecture_sampleUITests.swift in Sources */ = {isa = PBXBuildFile; fileRef = BB91B8832959C93600EEB840 /* swift_composable_architecture_sampleUITests.swift */; };
		BB91B8862959C93600EEB840 /* swift_composable_architecture_sampleUITestsLaunchTests.swift in Sources */ = {isa = PBXBuildFile; fileRef = BB91B8852959C93600EEB840 /* swift_composable_architecture_sampleUITestsLaunchTests.swift */; };
		BB91B8942959CA5400EEB840 /* ComposableArchitecture in Frameworks */ = {isa = PBXBuildFile; productRef = BB91B8932959CA5400EEB840 /* ComposableArchitecture */; };
		BB91B8962959CA5400EEB840 /* Dependencies in Frameworks */ = {isa = PBXBuildFile; productRef = BB91B8952959CA5400EEB840 /* Dependencies */; };
		BB91B8992959CA8600EEB840 /* Counter.swift in Sources */ = {isa = PBXBuildFile; fileRef = BB91B8982959CA8600EEB840 /* Counter.swift */; };
		BB91B89B2959CD9900EEB840 /* CounterView.swift in Sources */ = {isa = PBXBuildFile; fileRef = BB91B89A2959CD9900EEB840 /* CounterView.swift */; };
/* End PBXBuildFile section */

/* Begin PBXContainerItemProxy section */
		BB91B8762959C93600EEB840 /* PBXContainerItemProxy */ = {
			isa = PBXContainerItemProxy;
			containerPortal = BB91B85D2959C93500EEB840 /* Project object */;
			proxyType = 1;
			remoteGlobalIDString = BB91B8642959C93500EEB840;
			remoteInfo = "swift-composable-architecture-sample";
		};
		BB91B8802959C93600EEB840 /* PBXContainerItemProxy */ = {
			isa = PBXContainerItemProxy;
			containerPortal = BB91B85D2959C93500EEB840 /* Project object */;
			proxyType = 1;
			remoteGlobalIDString = BB91B8642959C93500EEB840;
			remoteInfo = "swift-composable-architecture-sample";
		};
/* End PBXContainerItemProxy section */

/* Begin PBXFileReference section */
		BB91B8652959C93500EEB840 /* swift-composable-architecture-sample.app */ = {isa = PBXFileReference; explicitFileType = wrapper.application; includeInIndex = 0; path = "swift-composable-architecture-sample.app"; sourceTree = BUILT_PRODUCTS_DIR; };
		BB91B8682959C93500EEB840 /* swift_composable_architecture_sampleApp.swift */ = {isa = PBXFileReference; lastKnownFileType = sourcecode.swift; path = swift_composable_architecture_sampleApp.swift; sourceTree = "<group>"; };
		BB91B86A2959C93500EEB840 /* ContentView.swift */ = {isa = PBXFileReference; lastKnownFileType = sourcecode.swift; path = ContentView.swift; sourceTree = "<group>"; };
		BB91B86C2959C93600EEB840 /* Assets.xcassets */ = {isa = PBXFileReference; lastKnownFileType = folder.assetcatalog; path = Assets.xcassets; sourceTree = "<group>"; };
		BB91B86F2959C93600EEB840 /* Preview Assets.xcassets */ = {isa = PBXFileReference; lastKnownFileType = folder.assetcatalog; path = "Preview Assets.xcassets"; sourceTree = "<group>"; };
		BB91B8752959C93600EEB840 /* swift-composable-architecture-sampleTests.xctest */ = {isa = PBXFileReference; explicitFileType = wrapper.cfbundle; includeInIndex = 0; path = "swift-composable-architecture-sampleTests.xctest"; sourceTree = BUILT_PRODUCTS_DIR; };
		BB91B8792959C93600EEB840 /* swift_composable_architecture_sampleTests.swift */ = {isa = PBXFileReference; lastKnownFileType = sourcecode.swift; path = swift_composable_architecture_sampleTests.swift; sourceTree = "<group>"; };
		BB91B87F2959C93600EEB840 /* swift-composable-architecture-sampleUITests.xctest */ = {isa = PBXFileReference; explicitFileType = wrapper.cfbundle; includeInIndex = 0; path = "swift-composable-architecture-sampleUITests.xctest"; sourceTree = BUILT_PRODUCTS_DIR; };
		BB91B8832959C93600EEB840 /* swift_composable_architecture_sampleUITests.swift */ = {isa = PBXFileReference; lastKnownFileType = sourcecode.swift; path = swift_composable_architecture_sampleUITests.swift; sourceTree = "<group>"; };
		BB91B8852959C93600EEB840 /* swift_composable_architecture_sampleUITestsLaunchTests.swift */ = {isa = PBXFileReference; lastKnownFileType = sourcecode.swift; path = swift_composable_architecture_sampleUITestsLaunchTests.swift; sourceTree = "<group>"; };
		BB91B8982959CA8600EEB840 /* Counter.swift */ = {isa = PBXFileReference; lastKnownFileType = sourcecode.swift; path = Counter.swift; sourceTree = "<group>"; };
		BB91B89A2959CD9900EEB840 /* CounterView.swift */ = {isa = PBXFileReference; lastKnownFileType = sourcecode.swift; path = CounterView.swift; sourceTree = "<group>"; };
		BB91B89C2959D29100EEB840 /* Info.plist */ = {isa = PBXFileReference; lastKnownFileType = text.plist; path = Info.plist; sourceTree = "<group>"; };
/* End PBXFileReference section */

/* Begin PBXFrameworksBuildPhase section */
		BB91B8622959C93500EEB840 /* Frameworks */ = {
			isa = PBXFrameworksBuildPhase;
			buildActionMask = 2147483647;
			files = (
				BB91B8942959CA5400EEB840 /* ComposableArchitecture in Frameworks */,
				BB91B8962959CA5400EEB840 /* Dependencies in Frameworks */,
			);
			runOnlyForDeploymentPostprocessing = 0;
		};
		BB91B8722959C93600EEB840 /* Frameworks */ = {
			isa = PBXFrameworksBuildPhase;
			buildActionMask = 2147483647;
			files = (
			);
			runOnlyForDeploymentPostprocessing = 0;
		};
		BB91B87C2959C93600EEB840 /* Frameworks */ = {
			isa = PBXFrameworksBuildPhase;
			buildActionMask = 2147483647;
			files = (
			);
			runOnlyForDeploymentPostprocessing = 0;
		};
/* End PBXFrameworksBuildPhase section */

/* Begin PBXGroup section */
		BB91B85C2959C93500EEB840 = {
			isa = PBXGroup;
			children = (
				BB91B8672959C93500EEB840 /* swift-composable-architecture-sample */,
				BB91B8782959C93600EEB840 /* swift-composable-architecture-sampleTests */,
				BB91B8822959C93600EEB840 /* swift-composable-architecture-sampleUITests */,
				BB91B8662959C93500EEB840 /* Products */,
			);
			sourceTree = "<group>";
		};
		BB91B8662959C93500EEB840 /* Products */ = {
			isa = PBXGroup;
			children = (
				BB91B8652959C93500EEB840 /* swift-composable-architecture-sample.app */,
				BB91B8752959C93600EEB840 /* swift-composable-architecture-sampleTests.xctest */,
				BB91B87F2959C93600EEB840 /* swift-composable-architecture-sampleUITests.xctest */,
			);
			name = Products;
			sourceTree = "<group>";
		};
		BB91B8672959C93500EEB840 /* swift-composable-architecture-sample */ = {
			isa = PBXGroup;
			children = (
				BB91B89C2959D29100EEB840 /* Info.plist */,
				BB91B8972959CA6A00EEB840 /* Counter */,
				BB91B8682959C93500EEB840 /* swift_composable_architecture_sampleApp.swift */,
				BB91B86A2959C93500EEB840 /* ContentView.swift */,
				BB91B86C2959C93600EEB840 /* Assets.xcassets */,
				BB91B86E2959C93600EEB840 /* Preview Content */,
			);
			path = "swift-composable-architecture-sample";
			sourceTree = "<group>";
		};
		BB91B86E2959C93600EEB840 /* Preview Content */ = {
			isa = PBXGroup;
			children = (
				BB91B86F2959C93600EEB840 /* Preview Assets.xcassets */,
			);
			path = "Preview Content";
			sourceTree = "<group>";
		};
		BB91B8782959C93600EEB840 /* swift-composable-architecture-sampleTests */ = {
			isa = PBXGroup;
			children = (
				BB91B8792959C93600EEB840 /* swift_composable_architecture_sampleTests.swift */,
			);
			path = "swift-composable-architecture-sampleTests";
			sourceTree = "<group>";
		};
		BB91B8822959C93600EEB840 /* swift-composable-architecture-sampleUITests */ = {
			isa = PBXGroup;
			children = (
				BB91B8832959C93600EEB840 /* swift_composable_architecture_sampleUITests.swift */,
				BB91B8852959C93600EEB840 /* swift_composable_architecture_sampleUITestsLaunchTests.swift */,
			);
			path = "swift-composable-architecture-sampleUITests";
			sourceTree = "<group>";
		};
		BB91B8972959CA6A00EEB840 /* Counter */ = {
			isa = PBXGroup;
			children = (
				BB91B8982959CA8600EEB840 /* Counter.swift */,
				BB91B89A2959CD9900EEB840 /* CounterView.swift */,
			);
			path = Counter;
			sourceTree = "<group>";
		};
/* End PBXGroup section */

/* Begin PBXNativeTarget section */
		BB91B8642959C93500EEB840 /* swift-composable-architecture-sample */ = {
			isa = PBXNativeTarget;
			buildConfigurationList = BB91B8892959C93600EEB840 /* Build configuration list for PBXNativeTarget "swift-composable-architecture-sample" */;
			buildPhases = (
				BB91B8612959C93500EEB840 /* Sources */,
				BB91B8622959C93500EEB840 /* Frameworks */,
				BB91B8632959C93500EEB840 /* Resources */,
			);
			buildRules = (
			);
			dependencies = (
			);
			name = "swift-composable-architecture-sample";
			packageProductDependencies = (
				BB91B8932959CA5400EEB840 /* ComposableArchitecture */,
				BB91B8952959CA5400EEB840 /* Dependencies */,
			);
			productName = "swift-composable-architecture-sample";
			productReference = BB91B8652959C93500EEB840 /* swift-composable-architecture-sample.app */;
			productType = "com.apple.product-type.application";
		};
		BB91B8742959C93600EEB840 /* swift-composable-architecture-sampleTests */ = {
			isa = PBXNativeTarget;
			buildConfigurationList = BB91B88C2959C93600EEB840 /* Build configuration list for PBXNativeTarget "swift-composable-architecture-sampleTests" */;
			buildPhases = (
				BB91B8712959C93600EEB840 /* Sources */,
				BB91B8722959C93600EEB840 /* Frameworks */,
				BB91B8732959C93600EEB840 /* Resources */,
			);
			buildRules = (
			);
			dependencies = (
				BB91B8772959C93600EEB840 /* PBXTargetDependency */,
			);
			name = "swift-composable-architecture-sampleTests";
			productName = "swift-composable-architecture-sampleTests";
			productReference = BB91B8752959C93600EEB840 /* swift-composable-architecture-sampleTests.xctest */;
			productType = "com.apple.product-type.bundle.unit-test";
		};
		BB91B87E2959C93600EEB840 /* swift-composable-architecture-sampleUITests */ = {
			isa = PBXNativeTarget;
			buildConfigurationList = BB91B88F2959C93600EEB840 /* Build configuration list for PBXNativeTarget "swift-composable-architecture-sampleUITests" */;
			buildPhases = (
				BB91B87B2959C93600EEB840 /* Sources */,
				BB91B87C2959C93600EEB840 /* Frameworks */,
				BB91B87D2959C93600EEB840 /* Resources */,
			);
			buildRules = (
			);
			dependencies = (
				BB91B8812959C93600EEB840 /* PBXTargetDependency */,
			);
			name = "swift-composable-architecture-sampleUITests";
			productName = "swift-composable-architecture-sampleUITests";
			productReference = BB91B87F2959C93600EEB840 /* swift-composable-architecture-sampleUITests.xctest */;
			productType = "com.apple.product-type.bundle.ui-testing";
		};
/* End PBXNativeTarget section */

/* Begin PBXProject section */
		BB91B85D2959C93500EEB840 /* Project object */ = {
			isa = PBXProject;
			attributes = {
				BuildIndependentTargetsInParallel = 1;
				LastSwiftUpdateCheck = 1420;
				LastUpgradeCheck = 1420;
				TargetAttributes = {
					BB91B8642959C93500EEB840 = {
						CreatedOnToolsVersion = 14.2;
					};
					BB91B8742959C93600EEB840 = {
						CreatedOnToolsVersion = 14.2;
						TestTargetID = BB91B8642959C93500EEB840;
					};
					BB91B87E2959C93600EEB840 = {
						CreatedOnToolsVersion = 14.2;
						TestTargetID = BB91B8642959C93500EEB840;
					};
				};
			};
			buildConfigurationList = BB91B8602959C93500EEB840 /* Build configuration list for PBXProject "swift-composable-architecture-sample" */;
			compatibilityVersion = "Xcode 14.0";
			developmentRegion = en;
			hasScannedForEncodings = 0;
			knownRegions = (
				en,
				Base,
			);
			mainGroup = BB91B85C2959C93500EEB840;
			packageReferences = (
				BB91B8922959CA5400EEB840 /* XCRemoteSwiftPackageReference "swift-composable-architecture" */,
			);
			productRefGroup = BB91B8662959C93500EEB840 /* Products */;
			projectDirPath = "";
			projectRoot = "";
			targets = (
				BB91B8642959C93500EEB840 /* swift-composable-architecture-sample */,
				BB91B8742959C93600EEB840 /* swift-composable-architecture-sampleTests */,
				BB91B87E2959C93600EEB840 /* swift-composable-architecture-sampleUITests */,
			);
		};
/* End PBXProject section */

/* Begin PBXResourcesBuildPhase section */
		BB91B8632959C93500EEB840 /* Resources */ = {
			isa = PBXResourcesBuildPhase;
			buildActionMask = 2147483647;
			files = (
				BB91B8702959C93600EEB840 /* Preview Assets.xcassets in Resources */,
				BB91B86D2959C93600EEB840 /* Assets.xcassets in Resources */,
			);
			runOnlyForDeploymentPostprocessing = 0;
		};
		BB91B8732959C93600EEB840 /* Resources */ = {
			isa = PBXResourcesBuildPhase;
			buildActionMask = 2147483647;
			files = (
			);
			runOnlyForDeploymentPostprocessing = 0;
		};
		BB91B87D2959C93600EEB840 /* Resources */ = {
			isa = PBXResourcesBuildPhase;
			buildActionMask = 2147483647;
			files = (
			);
			runOnlyForDeploymentPostprocessing = 0;
		};
/* End PBXResourcesBuildPhase section */

/* Begin PBXSourcesBuildPhase section */
		BB91B8612959C93500EEB840 /* Sources */ = {
			isa = PBXSourcesBuildPhase;
			buildActionMask = 2147483647;
			files = (
				BB91B86B2959C93500EEB840 /* ContentView.swift in Sources */,
				BB91B8692959C93500EEB840 /* swift_composable_architecture_sampleApp.swift in Sources */,
				BB91B8992959CA8600EEB840 /* Counter.swift in Sources */,
				BB91B89B2959CD9900EEB840 /* CounterView.swift in Sources */,
			);
			runOnlyForDeploymentPostprocessing = 0;
		};
		BB91B8712959C93600EEB840 /* Sources */ = {
			isa = PBXSourcesBuildPhase;
			buildActionMask = 2147483647;
			files = (
				BB91B87A2959C93600EEB840 /* swift_composable_architecture_sampleTests.swift in Sources */,
			);
			runOnlyForDeploymentPostprocessing = 0;
		};
		BB91B87B2959C93600EEB840 /* Sources */ = {
			isa = PBXSourcesBuildPhase;
			buildActionMask = 2147483647;
			files = (
				BB91B8862959C93600EEB840 /* swift_composable_architecture_sampleUITestsLaunchTests.swift in Sources */,
				BB91B8842959C93600EEB840 /* swift_composable_architecture_sampleUITests.swift in Sources */,
			);
			runOnlyForDeploymentPostprocessing = 0;
		};
/* End PBXSourcesBuildPhase section */

/* Begin PBXTargetDependency section */
		BB91B8772959C93600EEB840 /* PBXTargetDependency */ = {
			isa = PBXTargetDependency;
			target = BB91B8642959C93500EEB840 /* swift-composable-architecture-sample */;
			targetProxy = BB91B8762959C93600EEB840 /* PBXContainerItemProxy */;
		};
		BB91B8812959C93600EEB840 /* PBXTargetDependency */ = {
			isa = PBXTargetDependency;
			target = BB91B8642959C93500EEB840 /* swift-composable-architecture-sample */;
			targetProxy = BB91B8802959C93600EEB840 /* PBXContainerItemProxy */;
		};
/* End PBXTargetDependency section */

/* Begin XCBuildConfiguration section */
		BB91B8872959C93600EEB840 /* Debug */ = {
			isa = XCBuildConfiguration;
			buildSettings = {
				ALWAYS_SEARCH_USER_PATHS = NO;
				CLANG_ANALYZER_NONNULL = YES;
				CLANG_ANALYZER_NUMBER_OBJECT_CONVERSION = YES_AGGRESSIVE;
				CLANG_CXX_LANGUAGE_STANDARD = "gnu++20";
				CLANG_ENABLE_MODULES = YES;
				CLANG_ENABLE_OBJC_ARC = YES;
				CLANG_ENABLE_OBJC_WEAK = YES;
				CLANG_WARN_BLOCK_CAPTURE_AUTORELEASING = YES;
				CLANG_WARN_BOOL_CONVERSION = YES;
				CLANG_WARN_COMMA = YES;
				CLANG_WARN_CONSTANT_CONVERSION = YES;
				CLANG_WARN_DEPRECATED_OBJC_IMPLEMENTATIONS = YES;
				CLANG_WARN_DIRECT_OBJC_ISA_USAGE = YES_ERROR;
				CLANG_WARN_DOCUMENTATION_COMMENTS = YES;
				CLANG_WARN_EMPTY_BODY = YES;
				CLANG_WARN_ENUM_CONVERSION = YES;
				CLANG_WARN_INFINITE_RECURSION = YES;
				CLANG_WARN_INT_CONVERSION = YES;
				CLANG_WARN_NON_LITERAL_NULL_CONVERSION = YES;
				CLANG_WARN_OBJC_IMPLICIT_RETAIN_SELF = YES;
				CLANG_WARN_OBJC_LITERAL_CONVERSION = YES;
				CLANG_WARN_OBJC_ROOT_CLASS = YES_ERROR;
				CLANG_WARN_QUOTED_INCLUDE_IN_FRAMEWORK_HEADER = YES;
				CLANG_WARN_RANGE_LOOP_ANALYSIS = YES;
				CLANG_WARN_STRICT_PROTOTYPES = YES;
				CLANG_WARN_SUSPICIOUS_MOVE = YES;
				CLANG_WARN_UNGUARDED_AVAILABILITY = YES_AGGRESSIVE;
				CLANG_WARN_UNREACHABLE_CODE = YES;
				CLANG_WARN__DUPLICATE_METHOD_MATCH = YES;
				COPY_PHASE_STRIP = NO;
				DEBUG_INFORMATION_FORMAT = dwarf;
				ENABLE_STRICT_OBJC_MSGSEND = YES;
				ENABLE_TESTABILITY = YES;
				GCC_C_LANGUAGE_STANDARD = gnu11;
				GCC_DYNAMIC_NO_PIC = NO;
				GCC_NO_COMMON_BLOCKS = YES;
				GCC_OPTIMIZATION_LEVEL = 0;
				GCC_PREPROCESSOR_DEFINITIONS = (
					"DEBUG=1",
					"$(inherited)",
				);
				GCC_WARN_64_TO_32_BIT_CONVERSION = YES;
				GCC_WARN_ABOUT_RETURN_TYPE = YES_ERROR;
				GCC_WARN_UNDECLARED_SELECTOR = YES;
				GCC_WARN_UNINITIALIZED_AUTOS = YES_AGGRESSIVE;
				GCC_WARN_UNUSED_FUNCTION = YES;
				GCC_WARN_UNUSED_VARIABLE = YES;
				IPHONEOS_DEPLOYMENT_TARGET = 16.2;
				MTL_ENABLE_DEBUG_INFO = INCLUDE_SOURCE;
				MTL_FAST_MATH = YES;
				ONLY_ACTIVE_ARCH = YES;
				SDKROOT = iphoneos;
				SWIFT_ACTIVE_COMPILATION_CONDITIONS = DEBUG;
				SWIFT_OPTIMIZATION_LEVEL = "-Onone";
			};
			name = Debug;
		};
		BB91B8882959C93600EEB840 /* Release */ = {
			isa = XCBuildConfiguration;
			buildSettings = {
				ALWAYS_SEARCH_USER_PATHS = NO;
				CLANG_ANALYZER_NONNULL = YES;
				CLANG_ANALYZER_NUMBER_OBJECT_CONVERSION = YES_AGGRESSIVE;
				CLANG_CXX_LANGUAGE_STANDARD = "gnu++20";
				CLANG_ENABLE_MODULES = YES;
				CLANG_ENABLE_OBJC_ARC = YES;
				CLANG_ENABLE_OBJC_WEAK = YES;
				CLANG_WARN_BLOCK_CAPTURE_AUTORELEASING = YES;
				CLANG_WARN_BOOL_CONVERSION = YES;
				CLANG_WARN_COMMA = YES;
				CLANG_WARN_CONSTANT_CONVERSION = YES;
				CLANG_WARN_DEPRECATED_OBJC_IMPLEMENTATIONS = YES;
				CLANG_WARN_DIRECT_OBJC_ISA_USAGE = YES_ERROR;
				CLANG_WARN_DOCUMENTATION_COMMENTS = YES;
				CLANG_WARN_EMPTY_BODY = YES;
				CLANG_WARN_ENUM_CONVERSION = YES;
				CLANG_WARN_INFINITE_RECURSION = YES;
				CLANG_WARN_INT_CONVERSION = YES;
				CLANG_WARN_NON_LITERAL_NULL_CONVERSION = YES;
				CLANG_WARN_OBJC_IMPLICIT_RETAIN_SELF = YES;
				CLANG_WARN_OBJC_LITERAL_CONVERSION = YES;
				CLANG_WARN_OBJC_ROOT_CLASS = YES_ERROR;
				CLANG_WARN_QUOTED_INCLUDE_IN_FRAMEWORK_HEADER = YES;
				CLANG_WARN_RANGE_LOOP_ANALYSIS = YES;
				CLANG_WARN_STRICT_PROTOTYPES = YES;
				CLANG_WARN_SUSPICIOUS_MOVE = YES;
				CLANG_WARN_UNGUARDED_AVAILABILITY = YES_AGGRESSIVE;
				CLANG_WARN_UNREACHABLE_CODE = YES;
				CLANG_WARN__DUPLICATE_METHOD_MATCH = YES;
				COPY_PHASE_STRIP = NO;
				DEBUG_INFORMATION_FORMAT = "dwarf-with-dsym";
				ENABLE_NS_ASSERTIONS = NO;
				ENABLE_STRICT_OBJC_MSGSEND = YES;
				GCC_C_LANGUAGE_STANDARD = gnu11;
				GCC_NO_COMMON_BLOCKS = YES;
				GCC_WARN_64_TO_32_BIT_CONVERSION = YES;
				GCC_WARN_ABOUT_RETURN_TYPE = YES_ERROR;
				GCC_WARN_UNDECLARED_SELECTOR = YES;
				GCC_WARN_UNINITIALIZED_AUTOS = YES_AGGRESSIVE;
				GCC_WARN_UNUSED_FUNCTION = YES;
				GCC_WARN_UNUSED_VARIABLE = YES;
				IPHONEOS_DEPLOYMENT_TARGET = 16.2;
				MTL_ENABLE_DEBUG_INFO = NO;
				MTL_FAST_MATH = YES;
				SDKROOT = iphoneos;
				SWIFT_COMPILATION_MODE = wholemodule;
				SWIFT_OPTIMIZATION_LEVEL = "-O";
				VALIDATE_PRODUCT = YES;
			};
			name = Release;
		};
		BB91B88A2959C93600EEB840 /* Debug */ = {
			isa = XCBuildConfiguration;
			buildSettings = {
				ASSETCATALOG_COMPILER_APPICON_NAME = AppIcon;
				ASSETCATALOG_COMPILER_GLOBAL_ACCENT_COLOR_NAME = AccentColor;
				CODE_SIGN_STYLE = Automatic;
				CURRENT_PROJECT_VERSION = 1;
				DEVELOPMENT_ASSET_PATHS = "\"swift-composable-architecture-sample/Preview Content\"";
				DEVELOPMENT_TEAM = 7MTQ5H3G29;
				ENABLE_PREVIEWS = YES;
				GENERATE_INFOPLIST_FILE = YES;
				INFOPLIST_FILE = "swift-composable-architecture-sample/Info.plist";
				INFOPLIST_KEY_UIApplicationSceneManifest_Generation = YES;
				INFOPLIST_KEY_UIApplicationSupportsIndirectInputEvents = YES;
				INFOPLIST_KEY_UILaunchScreen_Generation = YES;
				INFOPLIST_KEY_UISupportedInterfaceOrientations_iPad = "UIInterfaceOrientationPortrait UIInterfaceOrientationPortraitUpsideDown UIInterfaceOrientationLandscapeLeft UIInterfaceOrientationLandscapeRight";
				INFOPLIST_KEY_UISupportedInterfaceOrientations_iPhone = "UIInterfaceOrientationPortrait UIInterfaceOrientationLandscapeLeft UIInterfaceOrientationLandscapeRight";
				LD_RUNPATH_SEARCH_PATHS = (
					"$(inherited)",
					"@executable_path/Frameworks",
				);
				MARKETING_VERSION = 1.0;
				PRODUCT_BUNDLE_IDENTIFIER = "kou.yamamoto.swift-composable-architecture-sample";
				PRODUCT_NAME = "$(TARGET_NAME)";
				SWIFT_EMIT_LOC_STRINGS = YES;
				SWIFT_VERSION = 5.0;
				TARGETED_DEVICE_FAMILY = "1,2";
			};
			name = Debug;
		};
		BB91B88B2959C93600EEB840 /* Release */ = {
			isa = XCBuildConfiguration;
			buildSettings = {
				ASSETCATALOG_COMPILER_APPICON_NAME = AppIcon;
				ASSETCATALOG_COMPILER_GLOBAL_ACCENT_COLOR_NAME = AccentColor;
				CODE_SIGN_STYLE = Automatic;
				CURRENT_PROJECT_VERSION = 1;
				DEVELOPMENT_ASSET_PATHS = "\"swift-composable-architecture-sample/Preview Content\"";
				DEVELOPMENT_TEAM = 7MTQ5H3G29;
				ENABLE_PREVIEWS = YES;
				GENERATE_INFOPLIST_FILE = YES;
				INFOPLIST_FILE = "swift-composable-architecture-sample/Info.plist";
				INFOPLIST_KEY_UIApplicationSceneManifest_Generation = YES;
				INFOPLIST_KEY_UIApplicationSupportsIndirectInputEvents = YES;
				INFOPLIST_KEY_UILaunchScreen_Generation = YES;
				INFOPLIST_KEY_UISupportedInterfaceOrientations_iPad = "UIInterfaceOrientationPortrait UIInterfaceOrientationPortraitUpsideDown UIInterfaceOrientationLandscapeLeft UIInterfaceOrientationLandscapeRight";
				INFOPLIST_KEY_UISupportedInterfaceOrientations_iPhone = "UIInterfaceOrientationPortrait UIInterfaceOrientationLandscapeLeft UIInterfaceOrientationLandscapeRight";
				LD_RUNPATH_SEARCH_PATHS = (
					"$(inherited)",
					"@executable_path/Frameworks",
				);
				MARKETING_VERSION = 1.0;
				PRODUCT_BUNDLE_IDENTIFIER = "kou.yamamoto.swift-composable-architecture-sample";
				PRODUCT_NAME = "$(TARGET_NAME)";
				SWIFT_EMIT_LOC_STRINGS = YES;
				SWIFT_VERSION = 5.0;
				TARGETED_DEVICE_FAMILY = "1,2";
			};
			name = Release;
		};
		BB91B88D2959C93600EEB840 /* Debug */ = {
			isa = XCBuildConfiguration;
			buildSettings = {
				ALWAYS_EMBED_SWIFT_STANDARD_LIBRARIES = YES;
				BUNDLE_LOADER = "$(TEST_HOST)";
				CODE_SIGN_STYLE = Automatic;
				CURRENT_PROJECT_VERSION = 1;
				DEVELOPMENT_TEAM = 7MTQ5H3G29;
				GENERATE_INFOPLIST_FILE = YES;
				IPHONEOS_DEPLOYMENT_TARGET = 16.2;
				MARKETING_VERSION = 1.0;
				PRODUCT_BUNDLE_IDENTIFIER = "kou.yamamoto.swift-composable-architecture-sampleTests";
				PRODUCT_NAME = "$(TARGET_NAME)";
				SWIFT_EMIT_LOC_STRINGS = NO;
				SWIFT_VERSION = 5.0;
				TARGETED_DEVICE_FAMILY = "1,2";
				TEST_HOST = "$(BUILT_PRODUCTS_DIR)/swift-composable-architecture-sample.app/$(BUNDLE_EXECUTABLE_FOLDER_PATH)/swift-composable-architecture-sample";
			};
			name = Debug;
		};
		BB91B88E2959C93600EEB840 /* Release */ = {
			isa = XCBuildConfiguration;
			buildSettings = {
				ALWAYS_EMBED_SWIFT_STANDARD_LIBRARIES = YES;
				BUNDLE_LOADER = "$(TEST_HOST)";
				CODE_SIGN_STYLE = Automatic;
				CURRENT_PROJECT_VERSION = 1;
				DEVELOPMENT_TEAM = 7MTQ5H3G29;
				GENERATE_INFOPLIST_FILE = YES;
				IPHONEOS_DEPLOYMENT_TARGET = 16.2;
				MARKETING_VERSION = 1.0;
				PRODUCT_BUNDLE_IDENTIFIER = "kou.yamamoto.swift-composable-architecture-sampleTests";
				PRODUCT_NAME = "$(TARGET_NAME)";
				SWIFT_EMIT_LOC_STRINGS = NO;
				SWIFT_VERSION = 5.0;
				TARGETED_DEVICE_FAMILY = "1,2";
				TEST_HOST = "$(BUILT_PRODUCTS_DIR)/swift-composable-architecture-sample.app/$(BUNDLE_EXECUTABLE_FOLDER_PATH)/swift-composable-architecture-sample";
			};
			name = Release;
		};
		BB91B8902959C93600EEB840 /* Debug */ = {
			isa = XCBuildConfiguration;
			buildSettings = {
				ALWAYS_EMBED_SWIFT_STANDARD_LIBRARIES = YES;
				CODE_SIGN_STYLE = Automatic;
				CURRENT_PROJECT_VERSION = 1;
				DEVELOPMENT_TEAM = 7MTQ5H3G29;
				GENERATE_INFOPLIST_FILE = YES;
				MARKETING_VERSION = 1.0;
				PRODUCT_BUNDLE_IDENTIFIER = "kou.yamamoto.swift-composable-architecture-sampleUITests";
				PRODUCT_NAME = "$(TARGET_NAME)";
				SWIFT_EMIT_LOC_STRINGS = NO;
				SWIFT_VERSION = 5.0;
				TARGETED_DEVICE_FAMILY = "1,2";
				TEST_TARGET_NAME = "swift-composable-architecture-sample";
			};
			name = Debug;
		};
		BB91B8912959C93600EEB840 /* Release */ = {
			isa = XCBuildConfiguration;
			buildSettings = {
				ALWAYS_EMBED_SWIFT_STANDARD_LIBRARIES = YES;
				CODE_SIGN_STYLE = Automatic;
				CURRENT_PROJECT_VERSION = 1;
				DEVELOPMENT_TEAM = 7MTQ5H3G29;
				GENERATE_INFOPLIST_FILE = YES;
				MARKETING_VERSION = 1.0;
				PRODUCT_BUNDLE_IDENTIFIER = "kou.yamamoto.swift-composable-architecture-sampleUITests";
				PRODUCT_NAME = "$(TARGET_NAME)";
				SWIFT_EMIT_LOC_STRINGS = NO;
				SWIFT_VERSION = 5.0;
				TARGETED_DEVICE_FAMILY = "1,2";
				TEST_TARGET_NAME = "swift-composable-architecture-sample";
			};
			name = Release;
		};
/* End XCBuildConfiguration section */

/* Begin XCConfigurationList section */
		BB91B8602959C93500EEB840 /* Build configuration list for PBXProject "swift-composable-architecture-sample" */ = {
			isa = XCConfigurationList;
			buildConfigurations = (
				BB91B8872959C93600EEB840 /* Debug */,
				BB91B8882959C93600EEB840 /* Release */,
			);
			defaultConfigurationIsVisible = 0;
			defaultConfigurationName = Release;
		};
		BB91B8892959C93600EEB840 /* Build configuration list for PBXNativeTarget "swift-composable-architecture-sample" */ = {
			isa = XCConfigurationList;
			buildConfigurations = (
				BB91B88A2959C93600EEB840 /* Debug */,
				BB91B88B2959C93600EEB840 /* Release */,
			);
			defaultConfigurationIsVisible = 0;
			defaultConfigurationName = Release;
		};
		BB91B88C2959C93600EEB840 /* Build configuration list for PBXNativeTarget "swift-composable-architecture-sampleTests" */ = {
			isa = XCConfigurationList;
			buildConfigurations = (
				BB91B88D2959C93600EEB840 /* Debug */,
				BB91B88E2959C93600EEB840 /* Release */,
			);
			defaultConfigurationIsVisible = 0;
			defaultConfigurationName = Release;
		};
		BB91B88F2959C93600EEB840 /* Build configuration list for PBXNativeTarget "swift-composable-architecture-sampleUITests" */ = {
			isa = XCConfigurationList;
			buildConfigurations = (
				BB91B8902959C93600EEB840 /* Debug */,
				BB91B8912959C93600EEB840 /* Release */,
			);
			defaultConfigurationIsVisible = 0;
			defaultConfigurationName = Release;
		};
/* End XCConfigurationList section */

/* Begin XCRemoteSwiftPackageReference section */
		BB91B8922959CA5400EEB840 /* XCRemoteSwiftPackageReference "swift-composable-architecture" */ = {
			isa = XCRemoteSwiftPackageReference;
			repositoryURL = "https://github.com/pointfreeco/swift-composable-architecture";
			requirement = {
				kind = upToNextMajorVersion;
				minimumVersion = 0.9.0;
			};
		};
/* End XCRemoteSwiftPackageReference section */

/* Begin XCSwiftPackageProductDependency section */
		BB91B8932959CA5400EEB840 /* ComposableArchitecture */ = {
			isa = XCSwiftPackageProductDependency;
			package = BB91B8922959CA5400EEB840 /* XCRemoteSwiftPackageReference "swift-composable-architecture" */;
			productName = ComposableArchitecture;
		};
		BB91B8952959CA5400EEB840 /* Dependencies */ = {
			isa = XCSwiftPackageProductDependency;
			package = BB91B8922959CA5400EEB840 /* XCRemoteSwiftPackageReference "swift-composable-architecture" */;
			productName = Dependencies;
		};
/* End XCSwiftPackageProductDependency section */
	};
	rootObject = BB91B85D2959C93500EEB840 /* Project object */;
}
